
Microsoft Visual Studio Solution File, Format Version 12.00
# Visual Studio Version 16
VisualStudioVersion = 16.0.30309.148
MinimumVisualStudioVersion = 10.0.40219.1
Project("{FAE04EC0-301F-11D3-BF4B-00C04F79EFBC}") = "TestGame", "TestGame\TestGame.csproj", "{FA27BD2F-051C-4F3F-A864-417CE0F25505}"
EndProject
Global
	GlobalSection(SolutionConfigurationPlatforms) = preSolution
		Debug|Any CPU = Debug|Any CPU
		Release|Any CPU = Release|Any CPU
	EndGlobalSection
	GlobalSection(ProjectConfigurationPlatforms) = postSolution
		{FA27BD2F-051C-4F3F-A864-417CE0F25505}.Debug|Any CPU.ActiveCfg = Debug|Any CPU
		{FA27BD2F-051C-4F3F-A864-417CE0F25505}.Debug|Any CPU.Build.0 = Debug|Any CPU
		{FA27BD2F-051C-4F3F-A864-417CE0F25505}.Release|Any CPU.ActiveCfg = Release|Any CPU
		{FA27BD2F-051C-4F3F-A864-417CE0F25505}.Release|Any CPU.Build.0 = Release|Any CPU
	EndGlobalSection
	GlobalSection(SolutionProperties) = preSolution
		HideSolutionNode = FALSE
	EndGlobalSection
	GlobalSection(ExtensibilityGlobals) = postSolution
		SolutionGuid = {1374DEC4-7623-4B6A-976F-32CF720BEC2A}
	EndGlobalSection
EndGlobal
